github.com/gocarina/gocsv v0.0.0-20230226133904-70c27cb2918a h1:/5o1ejt5M0fNAN2lU1NBLtPzUSZru689EWJq01ptr+E=
github.com/gocarina/gocsv v0.0.0-20230226133904-70c27cb2918a/go.mod h1:5YoVOkjYAQumqlV356Hj3xeYh4BdZuLE0/nRkf2NKkI=
github.com/sashabaranov/go-gpt3 v1.3.3 h1:S8Zd4YybnBaNMK+w+XGGWgsjQY1R+6QE2n9SLzVna9k=
github.com/sashabaranov/go-gpt3 v1.3.3/go.mod h1:BIZdbwdzxZbCrcKGMGH6u2eyGe1xFuX9Anmh3tCP8lQ=
